
Microsoft Visual Studio Solution File, Format Version 12.00
# Visual Studio 15
Project("{FAE04EC0-301F-11D3-BF4B-00C04F79EFBC}") = "Assembly-CSharp", "Assembly-CSharp.csproj", "{316F7BF5-6739-C9F4-AA25-E77E8376256F}"
EndProject
Project("{FAE04EC0-301F-11D3-BF4B-00C04F79EFBC}") = "Assembly-CSharp-firstpass", "Assembly-CSharp-firstpass.csproj", "{0F2286AF-69DC-0E0C-A27F-43822CA0BD9C}"
EndProject
Project("{FAE04EC0-301F-11D3-BF4B-00C04F79EFBC}") = "Assembly-CSharp-Editor", "Assembly-CSharp-Editor.csproj", "{32E862EB-3602-E8C5-25DE-945160459482}"
EndProject
Global
	GlobalSection(SolutionConfigurationPlatforms) = preSolution
		Debug|Any CPU = Debug|Any CPU
		Release|Any CPU = Release|Any CPU
	EndGlobalSection
	GlobalSection(ProjectConfigurationPlatforms) = postSolution
		{316F7BF5-6739-C9F4-AA25-E77E8376256F}.Debug|Any CPU.ActiveCfg = Debug|Any CPU
		{316F7BF5-6739-C9F4-AA25-E77E8376256F}.Debug|Any CPU.Build.0 = Debug|Any CPU
		{316F7BF5-6739-C9F4-AA25-E77E8376256F}.Release|Any CPU.ActiveCfg = Release|Any CPU
		{316F7BF5-6739-C9F4-AA25-E77E8376256F}.Release|Any CPU.Build.0 = Release|Any CPU
		{0F2286AF-69DC-0E0C-A27F-43822CA0BD9C}.Debug|Any CPU.ActiveCfg = Debug|Any CPU
		{0F2286AF-69DC-0E0C-A27F-43822CA0BD9C}.Debug|Any CPU.Build.0 = Debug|Any CPU
		{0F2286AF-69DC-0E0C-A27F-43822CA0BD9C}.Release|Any CPU.ActiveCfg = Release|Any CPU
		{0F2286AF-69DC-0E0C-A27F-43822CA0BD9C}.Release|Any CPU.Build.0 = Release|Any CPU
		{32E862EB-3602-E8C5-25DE-945160459482}.Debug|Any CPU.ActiveCfg = Debug|Any CPU
		{32E862EB-3602-E8C5-25DE-945160459482}.Debug|Any CPU.Build.0 = Debug|Any CPU
		{32E862EB-3602-E8C5-25DE-945160459482}.Release|Any CPU.ActiveCfg = Release|Any CPU
		{32E862EB-3602-E8C5-25DE-945160459482}.Release|Any CPU.Build.0 = Release|Any CPU
	EndGlobalSection
	GlobalSection(SolutionProperties) = preSolution
		HideSolutionNode = FALSE
	EndGlobalSection
	GlobalSection(MonoDevelopProperties) = preSolution
		StartupItem = Assembly-CSharp.csproj
	EndGlobalSection
EndGlobal
